
Microsoft Visual Studio Solution File, Format Version 11.00
# Visual Studio 2010
Project("{8BC9CEB8-8B4A-11D0-8D11-00A0C91BC942}") = "圆类设计", "圆类设计\圆类设计.vcxproj", "{F26F114C-0597-4A55-847C-AFE080F62F79}"
EndProject
Global
	GlobalSection(SolutionConfigurationPlatforms) = preSolution
		Debug|Win32 = Debug|Win32
		Release|Win32 = Release|Win32
	EndGlobalSection
	GlobalSection(ProjectConfigurationPlatforms) = postSolution
		{F26F114C-0597-4A55-847C-AFE080F62F79}.Debug|Win32.ActiveCfg = Debug|Win32
		{F26F114C-0597-4A55-847C-AFE080F62F79}.Debug|Win32.Build.0 = Debug|Win32
		{F26F114C-0597-4A55-847C-AFE080F62F79}.Release|Win32.ActiveCfg = Release|Win32
		{F26F114C-0597-4A55-847C-AFE080F62F79}.Release|Win32.Build.0 = Release|Win32
	EndGlobalSection
	GlobalSection(SolutionProperties) = preSolution
		HideSolutionNode = FALSE
	EndGlobalSection
EndGlobal
